
Microsoft Visual Studio Solution File, Format Version 12.00
# Visual Studio Version 16
VisualStudioVersion = 16.0.31205.134
MinimumVisualStudioVersion = 10.0.40219.1
Project("{FAE04EC0-301F-11D3-BF4B-00C04F79EFBC}") = "WinoStock", "WinoStock\WinoStock.csproj", "{09B18F13-161E-4945-BF58-FAAECC693B0A}"
EndProject
Global
	GlobalSection(SolutionConfigurationPlatforms) = preSolution
		Debug|Any CPU = Debug|Any CPU
		Release|Any CPU = Release|Any CPU
	EndGlobalSection
	GlobalSection(ProjectConfigurationPlatforms) = postSolution
		{09B18F13-161E-4945-BF58-FAAECC693B0A}.Debug|Any CPU.ActiveCfg = Debug|Any CPU
		{09B18F13-161E-4945-BF58-FAAECC693B0A}.Debug|Any CPU.Build.0 = Debug|Any CPU
		{09B18F13-161E-4945-BF58-FAAECC693B0A}.Release|Any CPU.ActiveCfg = Release|Any CPU
		{09B18F13-161E-4945-BF58-FAAECC693B0A}.Release|Any CPU.Build.0 = Release|Any CPU
	EndGlobalSection
	GlobalSection(SolutionProperties) = preSolution
		HideSolutionNode = FALSE
	EndGlobalSection
	GlobalSection(ExtensibilityGlobals) = postSolution
		SolutionGuid = {B8732DC4-1282-4686-97D0-68ABF23F5DF3}
	EndGlobalSection
EndGlobal
